
Microsoft Visual Studio Solution File, Format Version 12.00
# Visual Studio Version 17
VisualStudioVersion = 17.6.33829.357
MinimumVisualStudioVersion = 10.0.40219.1
Project("{FAE04EC0-301F-11D3-BF4B-00C04F79EFBC}") = "SimpleCalculator", "SimpleCalculator\SimpleCalculator.csproj", "{A1068F7A-F9A3-4A81-B21F-E5D218E39C97}"
EndProject
Global
	GlobalSection(SolutionConfigurationPlatforms) = preSolution
		Debug|Any CPU = Debug|Any CPU
		Release|Any CPU = Release|Any CPU
	EndGlobalSection
	GlobalSection(ProjectConfigurationPlatforms) = postSolution
		{A1068F7A-F9A3-4A81-B21F-E5D218E39C97}.Debug|Any CPU.ActiveCfg = Debug|Any CPU
		{A1068F7A-F9A3-4A81-B21F-E5D218E39C97}.Debug|Any CPU.Build.0 = Debug|Any CPU
		{A1068F7A-F9A3-4A81-B21F-E5D218E39C97}.Release|Any CPU.ActiveCfg = Release|Any CPU
		{A1068F7A-F9A3-4A81-B21F-E5D218E39C97}.Release|Any CPU.Build.0 = Release|Any CPU
	EndGlobalSection
	GlobalSection(SolutionProperties) = preSolution
		HideSolutionNode = FALSE
	EndGlobalSection
	GlobalSection(ExtensibilityGlobals) = postSolution
		SolutionGuid = {CEF8AF0A-1CB5-472F-86EA-A253FBAA2DF1}
	EndGlobalSection
EndGlobal
